
Microsoft Visual Studio Solution File, Format Version 12.00
# Visual Studio 2012
Project("{FAE04EC0-301F-11D3-BF4B-00C04F79EFBC}") = "nRage", "nRage\nRage.csproj", "{1E9D1BBC-9CE5-418C-BE52-C7DC9A7BB5DC}"
EndProject
Project("{FAE04EC0-301F-11D3-BF4B-00C04F79EFBC}") = "nRage.Tests.Unit", "nRage.UnitTests\nRage.Tests.Unit.csproj", "{A613821F-1AB8-4713-B2C9-1179D5C22F03}"
EndProject
Project("{FAE04EC0-301F-11D3-BF4B-00C04F79EFBC}") = "nRage.Example", "nRage.Example\nRage.Example.csproj", "{92FD3D7F-F3D6-41BF-B5CA-8BD85E5A76C8}"
EndProject
Project("{FAE04EC0-301F-11D3-BF4B-00C04F79EFBC}") = "nRage.Tests.Integration", "nRage.Tests.Integration\nRage.Tests.Integration.csproj", "{282F984C-24C1-4D53-A7BB-A980A2F6EA73}"
EndProject
Project("{2150E333-8FDC-42A3-9474-1A3956D46DE8}") = "Tests", "Tests", "{ADCE50C0-283E-414E-BAEA-EFB80814ACC9}"
EndProject
Project("{2150E333-8FDC-42A3-9474-1A3956D46DE8}") = "Solution Items", "Solution Items", "{5215749F-124C-499E-A2D2-4CCF9855EE54}"
	ProjectSection(SolutionItems) = preProject
		README.md = README.md
	EndProjectSection
EndProject
Global
	GlobalSection(SolutionConfigurationPlatforms) = preSolution
		Debug|Any CPU = Debug|Any CPU
		Release|Any CPU = Release|Any CPU
	EndGlobalSection
	GlobalSection(ProjectConfigurationPlatforms) = postSolution
		{1E9D1BBC-9CE5-418C-BE52-C7DC9A7BB5DC}.Debug|Any CPU.ActiveCfg = Debug|Any CPU
		{1E9D1BBC-9CE5-418C-BE52-C7DC9A7BB5DC}.Debug|Any CPU.Build.0 = Debug|Any CPU
		{1E9D1BBC-9CE5-418C-BE52-C7DC9A7BB5DC}.Release|Any CPU.ActiveCfg = Release|Any CPU
		{1E9D1BBC-9CE5-418C-BE52-C7DC9A7BB5DC}.Release|Any CPU.Build.0 = Release|Any CPU
		{A613821F-1AB8-4713-B2C9-1179D5C22F03}.Debug|Any CPU.ActiveCfg = Debug|Any CPU
		{A613821F-1AB8-4713-B2C9-1179D5C22F03}.Debug|Any CPU.Build.0 = Debug|Any CPU
		{A613821F-1AB8-4713-B2C9-1179D5C22F03}.Release|Any CPU.ActiveCfg = Release|Any CPU
		{A613821F-1AB8-4713-B2C9-1179D5C22F03}.Release|Any CPU.Build.0 = Release|Any CPU
		{92FD3D7F-F3D6-41BF-B5CA-8BD85E5A76C8}.Debug|Any CPU.ActiveCfg = Debug|Any CPU
		{92FD3D7F-F3D6-41BF-B5CA-8BD85E5A76C8}.Debug|Any CPU.Build.0 = Debug|Any CPU
		{92FD3D7F-F3D6-41BF-B5CA-8BD85E5A76C8}.Release|Any CPU.ActiveCfg = Release|Any CPU
		{92FD3D7F-F3D6-41BF-B5CA-8BD85E5A76C8}.Release|Any CPU.Build.0 = Release|Any CPU
		{282F984C-24C1-4D53-A7BB-A980A2F6EA73}.Debug|Any CPU.ActiveCfg = Debug|Any CPU
		{282F984C-24C1-4D53-A7BB-A980A2F6EA73}.Debug|Any CPU.Build.0 = Debug|Any CPU
		{282F984C-24C1-4D53-A7BB-A980A2F6EA73}.Release|Any CPU.ActiveCfg = Release|Any CPU
		{282F984C-24C1-4D53-A7BB-A980A2F6EA73}.Release|Any CPU.Build.0 = Release|Any CPU
	EndGlobalSection
	GlobalSection(SolutionProperties) = preSolution
		HideSolutionNode = FALSE
	EndGlobalSection
	GlobalSection(NestedProjects) = preSolution
		{282F984C-24C1-4D53-A7BB-A980A2F6EA73} = {ADCE50C0-283E-414E-BAEA-EFB80814ACC9}
		{A613821F-1AB8-4713-B2C9-1179D5C22F03} = {ADCE50C0-283E-414E-BAEA-EFB80814ACC9}
	EndGlobalSection
EndGlobal
